
Microsoft Visual Studio Solution File, Format Version 12.00
# Visual Studio Version 16
VisualStudioVersion = 16.0.30621.155
MinimumVisualStudioVersion = 10.0.40219.1
Project("{9A19103F-16F7-4668-BE54-9A1E7A4F7556}") = "eShopSolutin_WebApp", "eShopSolutin_WebApp\eShopSolutin_WebApp.csproj", "{33E19AD2-39A0-49A2-A8E4-7A6B48FD5E66}"
EndProject
Project("{2150E333-8FDC-42A3-9474-1A3956D46DE8}") = "Solution Items", "Solution Items", "{6F7C5F8D-FF15-4631-BCA1-3AD4D7611A6D}"
	ProjectSection(SolutionItems) = preProject
		README.md = README.md
	EndProjectSection
EndProject
Project("{FAE04EC0-301F-11D3-BF4B-00C04F79EFBC}") = "eShopSolution_Data", "eShopSolution_Data\eShopSolution_Data.csproj", "{E6CB7C92-916F-4151-83CE-DD081B4C2A64}"
EndProject
Project("{FAE04EC0-301F-11D3-BF4B-00C04F79EFBC}") = "eShopSolution_Application", "eShopSolution_Application\eShopSolution_Application.csproj", "{80E51613-B4AA-48F4-B00E-44025EBFCAAD}"
EndProject
Global
	GlobalSection(SolutionConfigurationPlatforms) = preSolution
		Debug|Any CPU = Debug|Any CPU
		Release|Any CPU = Release|Any CPU
	EndGlobalSection
	GlobalSection(ProjectConfigurationPlatforms) = postSolution
		{33E19AD2-39A0-49A2-A8E4-7A6B48FD5E66}.Debug|Any CPU.ActiveCfg = Debug|Any CPU
		{33E19AD2-39A0-49A2-A8E4-7A6B48FD5E66}.Debug|Any CPU.Build.0 = Debug|Any CPU
		{33E19AD2-39A0-49A2-A8E4-7A6B48FD5E66}.Release|Any CPU.ActiveCfg = Release|Any CPU
		{33E19AD2-39A0-49A2-A8E4-7A6B48FD5E66}.Release|Any CPU.Build.0 = Release|Any CPU
		{E6CB7C92-916F-4151-83CE-DD081B4C2A64}.Debug|Any CPU.ActiveCfg = Debug|Any CPU
		{E6CB7C92-916F-4151-83CE-DD081B4C2A64}.Debug|Any CPU.Build.0 = Debug|Any CPU
		{E6CB7C92-916F-4151-83CE-DD081B4C2A64}.Release|Any CPU.ActiveCfg = Release|Any CPU
		{E6CB7C92-916F-4151-83CE-DD081B4C2A64}.Release|Any CPU.Build.0 = Release|Any CPU
		{80E51613-B4AA-48F4-B00E-44025EBFCAAD}.Debug|Any CPU.ActiveCfg = Debug|Any CPU
		{80E51613-B4AA-48F4-B00E-44025EBFCAAD}.Debug|Any CPU.Build.0 = Debug|Any CPU
		{80E51613-B4AA-48F4-B00E-44025EBFCAAD}.Release|Any CPU.ActiveCfg = Release|Any CPU
		{80E51613-B4AA-48F4-B00E-44025EBFCAAD}.Release|Any CPU.Build.0 = Release|Any CPU
	EndGlobalSection
	GlobalSection(SolutionProperties) = preSolution
		HideSolutionNode = FALSE
	EndGlobalSection
	GlobalSection(ExtensibilityGlobals) = postSolution
		SolutionGuid = {D7655168-56C1-4EC7-94F2-CEAE4AEC78DE}
	EndGlobalSection
EndGlobal
